
Microsoft Visual Studio Solution File, Format Version 12.00
# Visual Studio Version 16
VisualStudioVersion = 16.0.29609.76
MinimumVisualStudioVersion = 10.0.40219.1
Project("{FAE04EC0-301F-11D3-BF4B-00C04F79EFBC}") = "SnakeVisualStudio", "SnakeVisualStudio.csproj", "{734139E6-E0E5-43DC-A157-DB6D78D4DAEA}"
EndProject
Global
	GlobalSection(SolutionConfigurationPlatforms) = preSolution
		Debug|Any CPU = Debug|Any CPU
		Release|Any CPU = Release|Any CPU
	EndGlobalSection
	GlobalSection(ProjectConfigurationPlatforms) = postSolution
		{734139E6-E0E5-43DC-A157-DB6D78D4DAEA}.Debug|Any CPU.ActiveCfg = Debug|Any CPU
		{734139E6-E0E5-43DC-A157-DB6D78D4DAEA}.Debug|Any CPU.Build.0 = Debug|Any CPU
		{734139E6-E0E5-43DC-A157-DB6D78D4DAEA}.Release|Any CPU.ActiveCfg = Release|Any CPU
		{734139E6-E0E5-43DC-A157-DB6D78D4DAEA}.Release|Any CPU.Build.0 = Release|Any CPU
	EndGlobalSection
	GlobalSection(SolutionProperties) = preSolution
		HideSolutionNode = FALSE
	EndGlobalSection
	GlobalSection(ExtensibilityGlobals) = postSolution
		SolutionGuid = {84D0D258-1137-484E-9CA2-E44050B1F5EE}
	EndGlobalSection
EndGlobal
