
Microsoft Visual Studio Solution File, Format Version 12.00
# Visual Studio Version 16
VisualStudioVersion = 16.0.30907.101
MinimumVisualStudioVersion = 10.0.40219.1
Project("{FAE04EC0-301F-11D3-BF4B-00C04F79EFBC}") = "NumMassive", "NumMassive\NumMassive.csproj", "{75F544EC-8D15-43D2-954C-0C61C5481100}"
EndProject
Global
	GlobalSection(SolutionConfigurationPlatforms) = preSolution
		Debug|Any CPU = Debug|Any CPU
		Release|Any CPU = Release|Any CPU
	EndGlobalSection
	GlobalSection(ProjectConfigurationPlatforms) = postSolution
		{75F544EC-8D15-43D2-954C-0C61C5481100}.Debug|Any CPU.ActiveCfg = Debug|Any CPU
		{75F544EC-8D15-43D2-954C-0C61C5481100}.Debug|Any CPU.Build.0 = Debug|Any CPU
		{75F544EC-8D15-43D2-954C-0C61C5481100}.Release|Any CPU.ActiveCfg = Release|Any CPU
		{75F544EC-8D15-43D2-954C-0C61C5481100}.Release|Any CPU.Build.0 = Release|Any CPU
	EndGlobalSection
	GlobalSection(SolutionProperties) = preSolution
		HideSolutionNode = FALSE
	EndGlobalSection
	GlobalSection(ExtensibilityGlobals) = postSolution
		SolutionGuid = {8C6906AB-B3F7-4281-8669-EBB4695A15CB}
	EndGlobalSection
EndGlobal
