
Microsoft Visual Studio Solution File, Format Version 12.00
# Visual Studio Version 16
VisualStudioVersion = 16.0.30804.86
MinimumVisualStudioVersion = 10.0.40219.1
Project("{FAE04EC0-301F-11D3-BF4B-00C04F79EFBC}") = "test", "test\test.csproj", "{915E33FD-6985-4B33-A643-FC1F8748139B}"
EndProject
Global
	GlobalSection(SolutionConfigurationPlatforms) = preSolution
		Debug|Any CPU = Debug|Any CPU
		Release|Any CPU = Release|Any CPU
	EndGlobalSection
	GlobalSection(ProjectConfigurationPlatforms) = postSolution
		{915E33FD-6985-4B33-A643-FC1F8748139B}.Debug|Any CPU.ActiveCfg = Debug|Any CPU
		{915E33FD-6985-4B33-A643-FC1F8748139B}.Debug|Any CPU.Build.0 = Debug|Any CPU
		{915E33FD-6985-4B33-A643-FC1F8748139B}.Release|Any CPU.ActiveCfg = Release|Any CPU
		{915E33FD-6985-4B33-A643-FC1F8748139B}.Release|Any CPU.Build.0 = Release|Any CPU
	EndGlobalSection
	GlobalSection(SolutionProperties) = preSolution
		HideSolutionNode = FALSE
	EndGlobalSection
	GlobalSection(ExtensibilityGlobals) = postSolution
		SolutionGuid = {11D3ED80-EB72-41BE-8517-057245044E69}
	EndGlobalSection
EndGlobal
