
Microsoft Visual Studio Solution File, Format Version 12.00
# Visual Studio Version 16
VisualStudioVersion = 16.0.30907.101
MinimumVisualStudioVersion = 10.0.40219.1
Project("{FAE04EC0-301F-11D3-BF4B-00C04F79EFBC}") = "HashSet", "HashSet+\HashSet.csproj", "{9CB7429E-ED7D-4FC7-A0C6-0607CCA5BB72}"
EndProject
Global
	GlobalSection(SolutionConfigurationPlatforms) = preSolution
		Debug|Any CPU = Debug|Any CPU
		Release|Any CPU = Release|Any CPU
	EndGlobalSection
	GlobalSection(ProjectConfigurationPlatforms) = postSolution
		{9CB7429E-ED7D-4FC7-A0C6-0607CCA5BB72}.Debug|Any CPU.ActiveCfg = Debug|Any CPU
		{9CB7429E-ED7D-4FC7-A0C6-0607CCA5BB72}.Debug|Any CPU.Build.0 = Debug|Any CPU
		{9CB7429E-ED7D-4FC7-A0C6-0607CCA5BB72}.Release|Any CPU.ActiveCfg = Release|Any CPU
		{9CB7429E-ED7D-4FC7-A0C6-0607CCA5BB72}.Release|Any CPU.Build.0 = Release|Any CPU
	EndGlobalSection
	GlobalSection(SolutionProperties) = preSolution
		HideSolutionNode = FALSE
	EndGlobalSection
	GlobalSection(ExtensibilityGlobals) = postSolution
		SolutionGuid = {1014CFE2-D6ED-486B-9931-78287EC42A16}
	EndGlobalSection
EndGlobal
