
Microsoft Visual Studio Solution File, Format Version 12.00
# Visual Studio Version 16
VisualStudioVersion = 16.0.30907.101
MinimumVisualStudioVersion = 10.0.40219.1
Project("{FAE04EC0-301F-11D3-BF4B-00C04F79EFBC}") = "PrintHelloWorld", "PrintHelloWorld\PrintHelloWorld.csproj", "{0151EA5D-3BAB-4DE2-AED5-439A0E6274B3}"
EndProject
Global
	GlobalSection(SolutionConfigurationPlatforms) = preSolution
		Debug|Any CPU = Debug|Any CPU
		Release|Any CPU = Release|Any CPU
	EndGlobalSection
	GlobalSection(ProjectConfigurationPlatforms) = postSolution
		{0151EA5D-3BAB-4DE2-AED5-439A0E6274B3}.Debug|Any CPU.ActiveCfg = Debug|Any CPU
		{0151EA5D-3BAB-4DE2-AED5-439A0E6274B3}.Debug|Any CPU.Build.0 = Debug|Any CPU
		{0151EA5D-3BAB-4DE2-AED5-439A0E6274B3}.Release|Any CPU.ActiveCfg = Release|Any CPU
		{0151EA5D-3BAB-4DE2-AED5-439A0E6274B3}.Release|Any CPU.Build.0 = Release|Any CPU
	EndGlobalSection
	GlobalSection(SolutionProperties) = preSolution
		HideSolutionNode = FALSE
	EndGlobalSection
	GlobalSection(ExtensibilityGlobals) = postSolution
		SolutionGuid = {87F230C0-07C5-4382-B7EC-8D705258529F}
	EndGlobalSection
EndGlobal
